{
  "name": "basic",
  "lockfileVersion": 3,
  "requires": true,
  "packages": {
    "": {
      "dependencies": {
        "index.js": "^0.0.3",
        "node.js": "^0.0.1-security"
      }
    },
    "node_modules/index.js": {
      "version": "0.0.3",
      "resolved": "https://registry.npmjs.org/index.js/-/index.js-0.0.3.tgz",
      "integrity": "sha512-62dN71h/y6X96muC2hxI95oPRpOwf+0mwS7S0TsMuEy857w41qjz8XJjob7eyuesQ71nbylasZx8sIkPAc5pXA==",
      "license": "MIT"
    },
    "node_modules/node.js": {
      "version": "0.0.1-security",
      "resolved": "https://registry.npmjs.org/node.js/-/node.js-0.0.1-security.tgz",
      "integrity": "sha512-8tWQiyg/3ggdLTrtfgj/NxmZpC20eB1U5VNkqt2dbelpcr3NrfjpEE3DgifpBOCJ4Xu9Obvu8iju63ViQW3Hvg=="
    }
  }
}
